
Microsoft Visual Studio Solution File, Format Version 12.00
# Visual Studio Version 16
VisualStudioVersion = 16.0.30611.23
MinimumVisualStudioVersion = 10.0.40219.1
Project("{FAE04EC0-301F-11D3-BF4B-00C04F79EFBC}") = "chinookcsharp", "chinookcsharp\chinookcsharp.csproj", "{8897288C-2FB7-4458-9794-D9E82CBDC503}"
EndProject
Project("{2150E333-8FDC-42A3-9474-1A3956D46DE8}") = "Step1", "Step1", "{29696F9E-3B07-4207-960F-9E6BD33A8EE7}"
EndProject
Project("{2150E333-8FDC-42A3-9474-1A3956D46DE8}") = "Step3", "Step3", "{AAC4319F-3F05-4AC5-AA4C-C3660307BCC2}"
EndProject
Project("{FAE04EC0-301F-11D3-BF4B-00C04F79EFBC}") = "Chinook.cui", "Chinook.cui\Chinook.cui.csproj", "{8E0B9FEC-994A-4794-AF8D-A310486EBBC9}"
EndProject
Project("{FAE04EC0-301F-11D3-BF4B-00C04F79EFBC}") = "Chinook.gui", "Chinook.gui\Chinook.gui.csproj", "{38885F01-6642-49A2-A492-F3B7629507C7}"
EndProject
Project("{FAE04EC0-301F-11D3-BF4B-00C04F79EFBC}") = "Chinook.Step3.Unittest", "Chinook.Step3.Unittest\Chinook.Step3.Unittest.csproj", "{7050C490-063F-44C4-943B-B3C14A10C259}"
EndProject
Project("{FAE04EC0-301F-11D3-BF4B-00C04F79EFBC}") = "Chinook", "Chinook\Chinook.csproj", "{C0D7D254-ED14-40FB-B22D-DDE507DD02B2}"
EndProject
Project("{2150E333-8FDC-42A3-9474-1A3956D46DE8}") = "Step4", "Step4", "{C0482028-8516-4033-BE7F-9B7E0D7295A2}"
EndProject
Project("{FAE04EC0-301F-11D3-BF4B-00C04F79EFBC}") = "Chinook4", "Chinook4\Chinook4.csproj", "{7821BE15-3712-4185-9BB8-BEEA98F146C5}"
EndProject
Project("{FAE04EC0-301F-11D3-BF4B-00C04F79EFBC}") = "Chinook4.data", "Chinook4.data\Chinook4.data.csproj", "{3C23BF4E-CD05-44E8-B2F9-99392D5F4C1D}"
EndProject
Project("{2150E333-8FDC-42A3-9474-1A3956D46DE8}") = "Step5_entity", "Step5_entity", "{9CA5B906-8E44-4AA5-97B4-21F731C22558}"
EndProject
Project("{FAE04EC0-301F-11D3-BF4B-00C04F79EFBC}") = "Filereading", "Filereading\Filereading.csproj", "{20654236-CDCA-474F-90C3-C26036E02FDD}"
EndProject
Project("{2150E333-8FDC-42A3-9474-1A3956D46DE8}") = "Step6_Winform", "Step6_Winform", "{3511EBD0-569A-4473-981F-D0B64D4C7BBB}"
EndProject
Project("{FAE04EC0-301F-11D3-BF4B-00C04F79EFBC}") = "Chinookwin", "Chinookwin\Chinookwin.csproj", "{859DFC84-02FD-4F36-A077-38EFD62CD244}"
EndProject
Project("{2150E333-8FDC-42A3-9474-1A3956D46DE8}") = "Step7_NTier", "Step7_NTier", "{D4F40CA8-0DA2-43BF-BFE3-0693B136BCD8}"
EndProject
Project("{FAE04EC0-301F-11D3-BF4B-00C04F79EFBC}") = "NTierCalc.Engine", "NTierCalc.Engine\NTierCalc.Engine.csproj", "{AE075410-619E-4C2F-955B-46F421F727B1}"
EndProject
Project("{FAE04EC0-301F-11D3-BF4B-00C04F79EFBC}") = "NTierCalc.cui", "NTierCalc.cui\NTierCalc.cui.csproj", "{4F205EBB-780F-4ED7-8CB6-B20029B8DCA7}"
EndProject
Project("{2150E333-8FDC-42A3-9474-1A3956D46DE8}") = "CMYsql", "CMYsql", "{502FF63B-E6C3-48F9-B33C-8BB313EC9DC7}"
EndProject
Project("{8BC9CEB8-8B4A-11D0-8D11-00A0C91BC942}") = "Project1", "Project1\Project1.vcxproj", "{D1A64999-723F-495C-AC64-A0B90FB141DC}"
EndProject
Project("{2150E333-8FDC-42A3-9474-1A3956D46DE8}") = "Step8_Webcrawling", "Step8_Webcrawling", "{C7CE2EB9-BDE7-4772-8403-C87D9886DE4F}"
EndProject
Project("{FAE04EC0-301F-11D3-BF4B-00C04F79EFBC}") = "ConsoleApp1", "ConsoleApp1\ConsoleApp1.csproj", "{0FC9BCCD-476D-4331-A429-3BF41EE3F2C9}"
EndProject
Project("{FAE04EC0-301F-11D3-BF4B-00C04F79EFBC}") = "NTierCalc", "NTierCalc\NTierCalc.csproj", "{A546CFF6-1EBE-4FBE-A08B-86D6FDF12BD8}"
EndProject
Project("{2150E333-8FDC-42A3-9474-1A3956D46DE8}") = "Step7_7 SchoolDB", "Step7_7 SchoolDB", "{8D5C0D10-28FF-45EC-8ABE-A5A94A73D531}"
EndProject
Project("{FAE04EC0-301F-11D3-BF4B-00C04F79EFBC}") = "School", "School\School.csproj", "{453A011F-CE1E-4B3C-84F6-1E4D621258FE}"
EndProject
Project("{2150E333-8FDC-42A3-9474-1A3956D46DE8}") = "Step0_sudoku", "Step0_sudoku", "{4A4F0024-8BDD-43AA-B9D2-45679BB945C6}"
EndProject
Project("{8BC9CEB8-8B4A-11D0-8D11-00A0C91BC942}") = "Project2", "Project2\Project2.vcxproj", "{FBD6A0DB-5961-4C8F-AC5D-4FAF51014B43}"
EndProject
Project("{FAE04EC0-301F-11D3-BF4B-00C04F79EFBC}") = "School2", "School2\School2.csproj", "{F5E9FA81-9E1E-4B84-BA48-DFBDD34C6117}"
EndProject
Project("{2150E333-8FDC-42A3-9474-1A3956D46DE8}") = "Network_Step01_Echo", "Network_Step01_Echo", "{CB83978D-51D9-47A1-B621-70DA1E814AE4}"
EndProject
Project("{FAE04EC0-301F-11D3-BF4B-00C04F79EFBC}") = "ConsoleApp2", "ConsoleApp2\ConsoleApp2.csproj", "{C190C729-8CE4-41A8-B857-D48402677976}"
EndProject
Project("{FAE04EC0-301F-11D3-BF4B-00C04F79EFBC}") = "Client", "Client\Client.csproj", "{03D0B94B-A9CF-44BC-B5F3-57B41B342831}"
EndProject
Project("{2150E333-8FDC-42A3-9474-1A3956D46DE8}") = "Network_Step02_Echo", "Network_Step02_Echo", "{AC44CD97-7B1A-45A2-A7C7-6BDF17FBBE87}"
EndProject
Project("{FAE04EC0-301F-11D3-BF4B-00C04F79EFBC}") = "Step02_Server", "Server\Step02_Server.csproj", "{84B99C2F-54B3-4676-B364-B2A13FBF9ACD}"
EndProject
Project("{FAE04EC0-301F-11D3-BF4B-00C04F79EFBC}") = "Step02_Client", "Step02_Client\Step02_Client.csproj", "{9C5FCC20-933E-4C88-B892-96DB563DFF25}"
EndProject
Project("{FAE04EC0-301F-11D3-BF4B-00C04F79EFBC}") = "Step02_Server_Defined_Class", "Step02_Server_Defined_Class\Step02_Server_Defined_Class.csproj", "{38DACA9D-E9E4-45D4-81A0-C816014F740B}"
EndProject
Project("{2150E333-8FDC-42A3-9474-1A3956D46DE8}") = "NEtwork_Step03_P2P", "NEtwork_Step03_P2P", "{3422DDFD-AC39-4BE1-91C9-E9D3BD0126EA}"
EndProject
Project("{FAE04EC0-301F-11D3-BF4B-00C04F79EFBC}") = "MessageForm01", "MessageForm01\MessageForm01.csproj", "{366BFD39-CD0E-4BF0-96FF-7D9FA761E48D}"
EndProject
Project("{2150E333-8FDC-42A3-9474-1A3956D46DE8}") = "Network_Step04_p2pFile", "Network_Step04_p2pFile", "{66144BF9-ECA9-4EA8-B04A-06C726EDF78D}"
EndProject
Project("{FAE04EC0-301F-11D3-BF4B-00C04F79EFBC}") = "FileSendingClient", "FileSendingClient\FileSendingClient.csproj", "{B0844A52-D6F4-4F1D-AA41-E19DA5157ED8}"
EndProject
Project("{FAE04EC0-301F-11D3-BF4B-00C04F79EFBC}") = "FileReceivingServer", "FileReceivingServer\FileReceivingServer.csproj", "{4DE7D4D5-0A50-4B47-8B61-655A2027F2E7}"
EndProject
Project("{2150E333-8FDC-42A3-9474-1A3956D46DE8}") = "Network_Step05_Remote", "Network_Step05_Remote", "{EB31641C-A5DD-471E-A007-6D2A07D1CCF5}"
EndProject
Project("{FAE04EC0-301F-11D3-BF4B-00C04F79EFBC}") = "FileSendRecvLib", "FileSendRecvLib\FileSendRecvLib.csproj", "{A50749C8-CC71-4F6D-8485-4890752D1246}"
EndProject
Project("{FAE04EC0-301F-11D3-BF4B-00C04F79EFBC}") = "GeneralLib", "GeneralLib\GeneralLib.csproj", "{2F7672AE-FA19-46C4-ADE8-AD91FBA84702}"
EndProject
Project("{FAE04EC0-301F-11D3-BF4B-00C04F79EFBC}") = "RemotingServ", "RemotingServ\RemotingServ.csproj", "{BB7BEEA6-C96A-4051-8C0A-0D9BFFBB7CD3}"
EndProject
Project("{FAE04EC0-301F-11D3-BF4B-00C04F79EFBC}") = "RemotingCli", "RemotingCli\RemotingCli.csproj", "{517D23B5-510E-42BF-BAAD-AE56C5561CEE}"
EndProject
Project("{2150E333-8FDC-42A3-9474-1A3956D46DE8}") = "Network_Step06_P2PAuthServ", "Network_Step06_P2PAuthServ", "{D2CB870B-4407-41A5-847D-E81319E13EB6}"
EndProject
Project("{FAE04EC0-301F-11D3-BF4B-00C04F79EFBC}") = "EHAAALib", "EHAAALib\EHAAALib.csproj", "{7E5AB31C-92CE-4A60-910E-1652CA05055F}"
EndProject
Project("{FAE04EC0-301F-11D3-BF4B-00C04F79EFBC}") = "AuthServ", "AuthServ\AuthServ.csproj", "{BAF1731E-BC23-4FAC-A537-A0F29CE131AB}"
EndProject
Project("{2150E333-8FDC-42A3-9474-1A3956D46DE8}") = "Network_Step07_Remotepro", "Network_Step07_Remotepro", "{D85E1FE4-B0AB-4BBA-AAF0-7C3622276CF1}"
EndProject
Project("{FAE04EC0-301F-11D3-BF4B-00C04F79EFBC}") = "RemoteControlProject", "RemoteControlProject\RemoteControlProject.csproj", "{9CB265DB-ECAE-4AE3-8749-A909522EC2EC}"
EndProject
Project("{FAE04EC0-301F-11D3-BF4B-00C04F79EFBC}") = "RecvRCInfoEventLib", "RecvRCInfoEventLib\RecvRCInfoEventLib.csproj", "{EEFEF0BF-48B6-405F-A355-0EEDA8F779E6}"
EndProject
Project("{2150E333-8FDC-42A3-9474-1A3956D46DE8}") = "z_samples", "z_samples", "{5795F4A8-41EA-4F5D-AD4E-E7D556340CAE}"
EndProject
Project("{8BC9CEB8-8B4A-11D0-8D11-00A0C91BC942}") = "Project3", "Project3\Project3.vcxproj", "{C0EDD851-6F37-48AF-B519-38D634841E1B}"
EndProject
Project("{2150E333-8FDC-42A3-9474-1A3956D46DE8}") = "AutoKeyBoard", "AutoKeyBoard", "{EE161B76-BA5A-4A14-BD51-ECF82D9E4308}"
EndProject
Project("{8BC9CEB8-8B4A-11D0-8D11-00A0C91BC942}") = "Migration", "Migration\Migration.vcxproj", "{7D52DEF7-1928-4929-B4B3-ED10E6970B5E}"
EndProject
Project("{FAE04EC0-301F-11D3-BF4B-00C04F79EFBC}") = "Win32Migration", "Win32Migration\Win32Migration.csproj", "{D10C6844-68E2-4E45-8C52-46DB2059B2D2}"
EndProject
Project("{2150E333-8FDC-42A3-9474-1A3956D46DE8}") = "ImageCaptureandTrans", "ImageCaptureandTrans", "{8B8C39A7-E850-46CE-AF6E-F5FB15962564}"
EndProject
Project("{FAE04EC0-301F-11D3-BF4B-00C04F79EFBC}") = "ZImageSendRecvLib", "ZImageSendRecvLib\ZImageSendRecvLib.csproj", "{7481B265-24DA-4004-8DE5-6A2871324C98}"
EndProject
Project("{FAE04EC0-301F-11D3-BF4B-00C04F79EFBC}") = "이미지 수신 서버", "이미지 수신 서버\이미지 수신 서버.csproj", "{FD51E263-3498-4AE8-AC95-8D0A2B9C2369}"
EndProject
Project("{FAE04EC0-301F-11D3-BF4B-00C04F79EFBC}") = "이미지캡쳐 및 전송 클라이언트", "이미지캡쳐 및 전송 클라이언트\이미지캡쳐 및 전송 클라이언트.csproj", "{EE1456AF-0E7E-474D-9889-BF95A9F35C53}"
EndProject
Project("{FAE04EC0-301F-11D3-BF4B-00C04F79EFBC}") = "KMESendRecvLib", "KMESendRecvLib\KMESendRecvLib.csproj", "{9F15FC92-B9BB-4ECF-A48F-89C45A3B20DE}"
EndProject
Project("{FAE04EC0-301F-11D3-BF4B-00C04F79EFBC}") = "VirtualCursorForm", "VirtualCursorForm\VirtualCursorForm.csproj", "{FB2CDA4B-8316-4CE2-A067-C4C1A9732B8E}"
EndProject
Project("{2150E333-8FDC-42A3-9474-1A3956D46DE8}") = "C_Step01", "C_Step01", "{02FC484E-2129-4C79-ACF0-263B7206B0DE}"
EndProject
Project("{8BC9CEB8-8B4A-11D0-8D11-00A0C91BC942}") = "Project4", "Project4\Project4.vcxproj", "{ADEC5853-2867-4F68-ACD0-D6E937EE0F01}"
EndProject
Project("{FAE04EC0-301F-11D3-BF4B-00C04F79EFBC}") = "언제나휴일", "언제나휴일\언제나휴일.csproj", "{975983B0-DF9D-451D-9FC6-1FFBBFB2A02F}"
EndProject
Project("{FAE04EC0-301F-11D3-BF4B-00C04F79EFBC}") = "언제나 휴일직렬화", "언제나 휴일직렬화\언제나 휴일직렬화.csproj", "{DB0B0556-4D8C-4DE5-A99F-3757DB84B48D}"
EndProject
Project("{FAE04EC0-301F-11D3-BF4B-00C04F79EFBC}") = "언제나휴일_도서검색csv_카카오api", "언제나휴일_도서검색csv_카카오api\언제나휴일_도서검색csv_카카오api.csproj", "{9F50CA37-F7AD-480D-A445-EDE6C96D1129}"
EndProject
Project("{2150E333-8FDC-42A3-9474-1A3956D46DE8}") = "Step9_winform_ADO", "Step9_winform_ADO", "{C2F7B580-4F3F-4EF6-8552-202348800133}"
EndProject
Project("{FAE04EC0-301F-11D3-BF4B-00C04F79EFBC}") = "WindowsFormsApp1", "WindowsFormsApp1\WindowsFormsApp1.csproj", "{CD771176-25FD-492B-86A8-DDB1E4F1EFD7}"
EndProject
Global
	GlobalSection(SolutionConfigurationPlatforms) = preSolution
		Debug|Any CPU = Debug|Any CPU
		Debug|x64 = Debug|x64
		Debug|x86 = Debug|x86
		Release|Any CPU = Release|Any CPU
		Release|x64 = Release|x64
		Release|x86 = Release|x86
	EndGlobalSection
	GlobalSection(ProjectConfigurationPlatforms) = postSolution
		{8897288C-2FB7-4458-9794-D9E82CBDC503}.Debug|Any CPU.ActiveCfg = Debug|Any CPU
		{8897288C-2FB7-4458-9794-D9E82CBDC503}.Debug|Any CPU.Build.0 = Debug|Any CPU
		{8897288C-2FB7-4458-9794-D9E82CBDC503}.Debug|x64.ActiveCfg = Debug|Any CPU
		{8897288C-2FB7-4458-9794-D9E82CBDC503}.Debug|x64.Build.0 = Debug|Any CPU
		{8897288C-2FB7-4458-9794-D9E82CBDC503}.Debug|x86.ActiveCfg = Debug|Any CPU
		{8897288C-2FB7-4458-9794-D9E82CBDC503}.Debug|x86.Build.0 = Debug|Any CPU
		{8897288C-2FB7-4458-9794-D9E82CBDC503}.Release|Any CPU.ActiveCfg = Release|Any CPU
		{8897288C-2FB7-4458-9794-D9E82CBDC503}.Release|Any CPU.Build.0 = Release|Any CPU
		{8897288C-2FB7-4458-9794-D9E82CBDC503}.Release|x64.ActiveCfg = Release|Any CPU
		{8897288C-2FB7-4458-9794-D9E82CBDC503}.Release|x64.Build.0 = Release|Any CPU
		{8897288C-2FB7-4458-9794-D9E82CBDC503}.Release|x86.ActiveCfg = Release|Any CPU
		{8897288C-2FB7-4458-9794-D9E82CBDC503}.Release|x86.Build.0 = Release|Any CPU
		{8E0B9FEC-994A-4794-AF8D-A310486EBBC9}.Debug|Any CPU.ActiveCfg = Debug|Any CPU
		{8E0B9FEC-994A-4794-AF8D-A310486EBBC9}.Debug|Any CPU.Build.0 = Debug|Any CPU
		{8E0B9FEC-994A-4794-AF8D-A310486EBBC9}.Debug|x64.ActiveCfg = Debug|Any CPU
		{8E0B9FEC-994A-4794-AF8D-A310486EBBC9}.Debug|x64.Build.0 = Debug|Any CPU
		{8E0B9FEC-994A-4794-AF8D-A310486EBBC9}.Debug|x86.ActiveCfg = Debug|Any CPU
		{8E0B9FEC-994A-4794-AF8D-A310486EBBC9}.Debug|x86.Build.0 = Debug|Any CPU
		{8E0B9FEC-994A-4794-AF8D-A310486EBBC9}.Release|Any CPU.ActiveCfg = Release|Any CPU
		{8E0B9FEC-994A-4794-AF8D-A310486EBBC9}.Release|Any CPU.Build.0 = Release|Any CPU
		{8E0B9FEC-994A-4794-AF8D-A310486EBBC9}.Release|x64.ActiveCfg = Release|Any CPU
		{8E0B9FEC-994A-4794-AF8D-A310486EBBC9}.Release|x64.Build.0 = Release|Any CPU
		{8E0B9FEC-994A-4794-AF8D-A310486EBBC9}.Release|x86.ActiveCfg = Release|Any CPU
		{8E0B9FEC-994A-4794-AF8D-A310486EBBC9}.Release|x86.Build.0 = Release|Any CPU
		{38885F01-6642-49A2-A492-F3B7629507C7}.Debug|Any CPU.ActiveCfg = Debug|Any CPU
		{38885F01-6642-49A2-A492-F3B7629507C7}.Debug|Any CPU.Build.0 = Debug|Any CPU
		{38885F01-6642-49A2-A492-F3B7629507C7}.Debug|x64.ActiveCfg = Debug|Any CPU
		{38885F01-6642-49A2-A492-F3B7629507C7}.Debug|x64.Build.0 = Debug|Any CPU
		{38885F01-6642-49A2-A492-F3B7629507C7}.Debug|x86.ActiveCfg = Debug|Any CPU
		{38885F01-6642-49A2-A492-F3B7629507C7}.Debug|x86.Build.0 = Debug|Any CPU
		{38885F01-6642-49A2-A492-F3B7629507C7}.Release|Any CPU.ActiveCfg = Release|Any CPU
		{38885F01-6642-49A2-A492-F3B7629507C7}.Release|Any CPU.Build.0 = Release|Any CPU
		{38885F01-6642-49A2-A492-F3B7629507C7}.Release|x64.ActiveCfg = Release|Any CPU
		{38885F01-6642-49A2-A492-F3B7629507C7}.Release|x64.Build.0 = Release|Any CPU
		{38885F01-6642-49A2-A492-F3B7629507C7}.Release|x86.ActiveCfg = Release|Any CPU
		{38885F01-6642-49A2-A492-F3B7629507C7}.Release|x86.Build.0 = Release|Any CPU
		{7050C490-063F-44C4-943B-B3C14A10C259}.Debug|Any CPU.ActiveCfg = Debug|Any CPU
		{7050C490-063F-44C4-943B-B3C14A10C259}.Debug|Any CPU.Build.0 = Debug|Any CPU
		{7050C490-063F-44C4-943B-B3C14A10C259}.Debug|x64.ActiveCfg = Debug|Any CPU
		{7050C490-063F-44C4-943B-B3C14A10C259}.Debug|x64.Build.0 = Debug|Any CPU
		{7050C490-063F-44C4-943B-B3C14A10C259}.Debug|x86.ActiveCfg = Debug|Any CPU
		{7050C490-063F-44C4-943B-B3C14A10C259}.Debug|x86.Build.0 = Debug|Any CPU
		{7050C490-063F-44C4-943B-B3C14A10C259}.Release|Any CPU.ActiveCfg = Release|Any CPU
		{7050C490-063F-44C4-943B-B3C14A10C259}.Release|Any CPU.Build.0 = Release|Any CPU
		{7050C490-063F-44C4-943B-B3C14A10C259}.Release|x64.ActiveCfg = Release|Any CPU
		{7050C490-063F-44C4-943B-B3C14A10C259}.Release|x64.Build.0 = Release|Any CPU
		{7050C490-063F-44C4-943B-B3C14A10C259}.Release|x86.ActiveCfg = Release|Any CPU
		{7050C490-063F-44C4-943B-B3C14A10C259}.Release|x86.Build.0 = Release|Any CPU
		{C0D7D254-ED14-40FB-B22D-DDE507DD02B2}.Debug|Any CPU.ActiveCfg = Debug|Any CPU
		{C0D7D254-ED14-40FB-B22D-DDE507DD02B2}.Debug|Any CPU.Build.0 = Debug|Any CPU
		{C0D7D254-ED14-40FB-B22D-DDE507DD02B2}.Debug|x64.ActiveCfg = Debug|Any CPU
		{C0D7D254-ED14-40FB-B22D-DDE507DD02B2}.Debug|x64.Build.0 = Debug|Any CPU
		{C0D7D254-ED14-40FB-B22D-DDE507DD02B2}.Debug|x86.ActiveCfg = Debug|Any CPU
		{C0D7D254-ED14-40FB-B22D-DDE507DD02B2}.Debug|x86.Build.0 = Debug|Any CPU
		{C0D7D254-ED14-40FB-B22D-DDE507DD02B2}.Release|Any CPU.ActiveCfg = Release|Any CPU
		{C0D7D254-ED14-40FB-B22D-DDE507DD02B2}.Release|Any CPU.Build.0 = Release|Any CPU
		{C0D7D254-ED14-40FB-B22D-DDE507DD02B2}.Release|x64.ActiveCfg = Release|Any CPU
		{C0D7D254-ED14-40FB-B22D-DDE507DD02B2}.Release|x64.Build.0 = Release|Any CPU
		{C0D7D254-ED14-40FB-B22D-DDE507DD02B2}.Release|x86.ActiveCfg = Release|Any CPU
		{C0D7D254-ED14-40FB-B22D-DDE507DD02B2}.Release|x86.Build.0 = Release|Any CPU
		{7821BE15-3712-4185-9BB8-BEEA98F146C5}.Debug|Any CPU.ActiveCfg = Debug|Any CPU
		{7821BE15-3712-4185-9BB8-BEEA98F146C5}.Debug|Any CPU.Build.0 = Debug|Any CPU
		{7821BE15-3712-4185-9BB8-BEEA98F146C5}.Debug|x64.ActiveCfg = Debug|Any CPU
		{7821BE15-3712-4185-9BB8-BEEA98F146C5}.Debug|x64.Build.0 = Debug|Any CPU
		{7821BE15-3712-4185-9BB8-BEEA98F146C5}.Debug|x86.ActiveCfg = Debug|Any CPU
		{7821BE15-3712-4185-9BB8-BEEA98F146C5}.Debug|x86.Build.0 = Debug|Any CPU
		{7821BE15-3712-4185-9BB8-BEEA98F146C5}.Release|Any CPU.ActiveCfg = Release|Any CPU
		{7821BE15-3712-4185-9BB8-BEEA98F146C5}.Release|Any CPU.Build.0 = Release|Any CPU
		{7821BE15-3712-4185-9BB8-BEEA98F146C5}.Release|x64.ActiveCfg = Release|Any CPU
		{7821BE15-3712-4185-9BB8-BEEA98F146C5}.Release|x64.Build.0 = Release|Any CPU
		{7821BE15-3712-4185-9BB8-BEEA98F146C5}.Release|x86.ActiveCfg = Release|Any CPU
		{7821BE15-3712-4185-9BB8-BEEA98F146C5}.Release|x86.Build.0 = Release|Any CPU
		{3C23BF4E-CD05-44E8-B2F9-99392D5F4C1D}.Debug|Any CPU.ActiveCfg = Debug|Any CPU
		{3C23BF4E-CD05-44E8-B2F9-99392D5F4C1D}.Debug|Any CPU.Build.0 = Debug|Any CPU
		{3C23BF4E-CD05-44E8-B2F9-99392D5F4C1D}.Debug|x64.ActiveCfg = Debug|Any CPU
		{3C23BF4E-CD05-44E8-B2F9-99392D5F4C1D}.Debug|x64.Build.0 = Debug|Any CPU
		{3C23BF4E-CD05-44E8-B2F9-99392D5F4C1D}.Debug|x86.ActiveCfg = Debug|Any CPU
		{3C23BF4E-CD05-44E8-B2F9-99392D5F4C1D}.Debug|x86.Build.0 = Debug|Any CPU
		{3C23BF4E-CD05-44E8-B2F9-99392D5F4C1D}.Release|Any CPU.ActiveCfg = Release|Any CPU
		{3C23BF4E-CD05-44E8-B2F9-99392D5F4C1D}.Release|Any CPU.Build.0 = Release|Any CPU
		{3C23BF4E-CD05-44E8-B2F9-99392D5F4C1D}.Release|x64.ActiveCfg = Release|Any CPU
		{3C23BF4E-CD05-44E8-B2F9-99392D5F4C1D}.Release|x64.Build.0 = Release|Any CPU
		{3C23BF4E-CD05-44E8-B2F9-99392D5F4C1D}.Release|x86.ActiveCfg = Release|Any CPU
		{3C23BF4E-CD05-44E8-B2F9-99392D5F4C1D}.Release|x86.Build.0 = Release|Any CPU
		{20654236-CDCA-474F-90C3-C26036E02FDD}.Debug|Any CPU.ActiveCfg = Debug|Any CPU
		{20654236-CDCA-474F-90C3-C26036E02FDD}.Debug|Any CPU.Build.0 = Debug|Any CPU
		{20654236-CDCA-474F-90C3-C26036E02FDD}.Debug|x64.ActiveCfg = Debug|Any CPU
		{20654236-CDCA-474F-90C3-C26036E02FDD}.Debug|x64.Build.0 = Debug|Any CPU
		{20654236-CDCA-474F-90C3-C26036E02FDD}.Debug|x86.ActiveCfg = Debug|Any CPU
		{20654236-CDCA-474F-90C3-C26036E02FDD}.Debug|x86.Build.0 = Debug|Any CPU
		{20654236-CDCA-474F-90C3-C26036E02FDD}.Release|Any CPU.ActiveCfg = Release|Any CPU
		{20654236-CDCA-474F-90C3-C26036E02FDD}.Release|Any CPU.Build.0 = Release|Any CPU
		{20654236-CDCA-474F-90C3-C26036E02FDD}.Release|x64.ActiveCfg = Release|Any CPU
		{20654236-CDCA-474F-90C3-C26036E02FDD}.Release|x64.Build.0 = Release|Any CPU
		{20654236-CDCA-474F-90C3-C26036E02FDD}.Release|x86.ActiveCfg = Release|Any CPU
		{20654236-CDCA-474F-90C3-C26036E02FDD}.Release|x86.Build.0 = Release|Any CPU
		{859DFC84-02FD-4F36-A077-38EFD62CD244}.Debug|Any CPU.ActiveCfg = Debug|Any CPU
		{859DFC84-02FD-4F36-A077-38EFD62CD244}.Debug|Any CPU.Build.0 = Debug|Any CPU
		{859DFC84-02FD-4F36-A077-38EFD62CD244}.Debug|x64.ActiveCfg = Debug|Any CPU
		{859DFC84-02FD-4F36-A077-38EFD62CD244}.Debug|x64.Build.0 = Debug|Any CPU
		{859DFC84-02FD-4F36-A077-38EFD62CD244}.Debug|x86.ActiveCfg = Debug|Any CPU
		{859DFC84-02FD-4F36-A077-38EFD62CD244}.Debug|x86.Build.0 = Debug|Any CPU
		{859DFC84-02FD-4F36-A077-38EFD62CD244}.Release|Any CPU.ActiveCfg = Release|Any CPU
		{859DFC84-02FD-4F36-A077-38EFD62CD244}.Release|Any CPU.Build.0 = Release|Any CPU
		{859DFC84-02FD-4F36-A077-38EFD62CD244}.Release|x64.ActiveCfg = Release|Any CPU
		{859DFC84-02FD-4F36-A077-38EFD62CD244}.Release|x64.Build.0 = Release|Any CPU
		{859DFC84-02FD-4F36-A077-38EFD62CD244}.Release|x86.ActiveCfg = Release|Any CPU
		{859DFC84-02FD-4F36-A077-38EFD62CD244}.Release|x86.Build.0 = Release|Any CPU
		{AE075410-619E-4C2F-955B-46F421F727B1}.Debug|Any CPU.ActiveCfg = Debug|Any CPU
		{AE075410-619E-4C2F-955B-46F421F727B1}.Debug|Any CPU.Build.0 = Debug|Any CPU
		{AE075410-619E-4C2F-955B-46F421F727B1}.Debug|x64.ActiveCfg = Debug|Any CPU
		{AE075410-619E-4C2F-955B-46F421F727B1}.Debug|x64.Build.0 = Debug|Any CPU
		{AE075410-619E-4C2F-955B-46F421F727B1}.Debug|x86.ActiveCfg = Debug|Any CPU
		{AE075410-619E-4C2F-955B-46F421F727B1}.Debug|x86.Build.0 = Debug|Any CPU
		{AE075410-619E-4C2F-955B-46F421F727B1}.Release|Any CPU.ActiveCfg = Release|Any CPU
		{AE075410-619E-4C2F-955B-46F421F727B1}.Release|Any CPU.Build.0 = Release|Any CPU
		{AE075410-619E-4C2F-955B-46F421F727B1}.Release|x64.ActiveCfg = Release|Any CPU
		{AE075410-619E-4C2F-955B-46F421F727B1}.Release|x64.Build.0 = Release|Any CPU
		{AE075410-619E-4C2F-955B-46F421F727B1}.Release|x86.ActiveCfg = Release|Any CPU
		{AE075410-619E-4C2F-955B-46F421F727B1}.Release|x86.Build.0 = Release|Any CPU
		{4F205EBB-780F-4ED7-8CB6-B20029B8DCA7}.Debug|Any CPU.ActiveCfg = Debug|Any CPU
		{4F205EBB-780F-4ED7-8CB6-B20029B8DCA7}.Debug|Any CPU.Build.0 = Debug|Any CPU
		{4F205EBB-780F-4ED7-8CB6-B20029B8DCA7}.Debug|x64.ActiveCfg = Debug|Any CPU
		{4F205EBB-780F-4ED7-8CB6-B20029B8DCA7}.Debug|x64.Build.0 = Debug|Any CPU
		{4F205EBB-780F-4ED7-8CB6-B20029B8DCA7}.Debug|x86.ActiveCfg = Debug|Any CPU
		{4F205EBB-780F-4ED7-8CB6-B20029B8DCA7}.Debug|x86.Build.0 = Debug|Any CPU
		{4F205EBB-780F-4ED7-8CB6-B20029B8DCA7}.Release|Any CPU.ActiveCfg = Release|Any CPU
		{4F205EBB-780F-4ED7-8CB6-B20029B8DCA7}.Release|Any CPU.Build.0 = Release|Any CPU
		{4F205EBB-780F-4ED7-8CB6-B20029B8DCA7}.Release|x64.ActiveCfg = Release|Any CPU
		{4F205EBB-780F-4ED7-8CB6-B20029B8DCA7}.Release|x64.Build.0 = Release|Any CPU
		{4F205EBB-780F-4ED7-8CB6-B20029B8DCA7}.Release|x86.ActiveCfg = Release|Any CPU
		{4F205EBB-780F-4ED7-8CB6-B20029B8DCA7}.Release|x86.Build.0 = Release|Any CPU
		{D1A64999-723F-495C-AC64-A0B90FB141DC}.Debug|Any CPU.ActiveCfg = Debug|Win32
		{D1A64999-723F-495C-AC64-A0B90FB141DC}.Debug|x64.ActiveCfg = Debug|x64
		{D1A64999-723F-495C-AC64-A0B90FB141DC}.Debug|x64.Build.0 = Debug|x64
		{D1A64999-723F-495C-AC64-A0B90FB141DC}.Debug|x86.ActiveCfg = Debug|Win32
		{D1A64999-723F-495C-AC64-A0B90FB141DC}.Debug|x86.Build.0 = Debug|Win32
		{D1A64999-723F-495C-AC64-A0B90FB141DC}.Release|Any CPU.ActiveCfg = Release|Win32
		{D1A64999-723F-495C-AC64-A0B90FB141DC}.Release|x64.ActiveCfg = Release|x64
		{D1A64999-723F-495C-AC64-A0B90FB141DC}.Release|x64.Build.0 = Release|x64
		{D1A64999-723F-495C-AC64-A0B90FB141DC}.Release|x86.ActiveCfg = Release|Win32
		{D1A64999-723F-495C-AC64-A0B90FB141DC}.Release|x86.Build.0 = Release|Win32
		{0FC9BCCD-476D-4331-A429-3BF41EE3F2C9}.Debug|Any CPU.ActiveCfg = Debug|Any CPU
		{0FC9BCCD-476D-4331-A429-3BF41EE3F2C9}.Debug|Any CPU.Build.0 = Debug|Any CPU
		{0FC9BCCD-476D-4331-A429-3BF41EE3F2C9}.Debug|x64.ActiveCfg = Debug|Any CPU
		{0FC9BCCD-476D-4331-A429-3BF41EE3F2C9}.Debug|x64.Build.0 = Debug|Any CPU
		{0FC9BCCD-476D-4331-A429-3BF41EE3F2C9}.Debug|x86.ActiveCfg = Debug|Any CPU
		{0FC9BCCD-476D-4331-A429-3BF41EE3F2C9}.Debug|x86.Build.0 = Debug|Any CPU
		{0FC9BCCD-476D-4331-A429-3BF41EE3F2C9}.Release|Any CPU.ActiveCfg = Release|Any CPU
		{0FC9BCCD-476D-4331-A429-3BF41EE3F2C9}.Release|Any CPU.Build.0 = Release|Any CPU
		{0FC9BCCD-476D-4331-A429-3BF41EE3F2C9}.Release|x64.ActiveCfg = Release|Any CPU
		{0FC9BCCD-476D-4331-A429-3BF41EE3F2C9}.Release|x64.Build.0 = Release|Any CPU
		{0FC9BCCD-476D-4331-A429-3BF41EE3F2C9}.Release|x86.ActiveCfg = Release|Any CPU
		{0FC9BCCD-476D-4331-A429-3BF41EE3F2C9}.Release|x86.Build.0 = Release|Any CPU
		{A546CFF6-1EBE-4FBE-A08B-86D6FDF12BD8}.Debug|Any CPU.ActiveCfg = Debug|Any CPU
		{A546CFF6-1EBE-4FBE-A08B-86D6FDF12BD8}.Debug|Any CPU.Build.0 = Debug|Any CPU
		{A546CFF6-1EBE-4FBE-A08B-86D6FDF12BD8}.Debug|x64.ActiveCfg = Debug|Any CPU
		{A546CFF6-1EBE-4FBE-A08B-86D6FDF12BD8}.Debug|x64.Build.0 = Debug|Any CPU
		{A546CFF6-1EBE-4FBE-A08B-86D6FDF12BD8}.Debug|x86.ActiveCfg = Debug|Any CPU
		{A546CFF6-1EBE-4FBE-A08B-86D6FDF12BD8}.Debug|x86.Build.0 = Debug|Any CPU
		{A546CFF6-1EBE-4FBE-A08B-86D6FDF12BD8}.Release|Any CPU.ActiveCfg = Release|Any CPU
		{A546CFF6-1EBE-4FBE-A08B-86D6FDF12BD8}.Release|Any CPU.Build.0 = Release|Any CPU
		{A546CFF6-1EBE-4FBE-A08B-86D6FDF12BD8}.Release|x64.ActiveCfg = Release|Any CPU
		{A546CFF6-1EBE-4FBE-A08B-86D6FDF12BD8}.Release|x64.Build.0 = Release|Any CPU
		{A546CFF6-1EBE-4FBE-A08B-86D6FDF12BD8}.Release|x86.ActiveCfg = Release|Any CPU
		{A546CFF6-1EBE-4FBE-A08B-86D6FDF12BD8}.Release|x86.Build.0 = Release|Any CPU
		{453A011F-CE1E-4B3C-84F6-1E4D621258FE}.Debug|Any CPU.ActiveCfg = Debug|Any CPU
		{453A011F-CE1E-4B3C-84F6-1E4D621258FE}.Debug|Any CPU.Build.0 = Debug|Any CPU
		{453A011F-CE1E-4B3C-84F6-1E4D621258FE}.Debug|x64.ActiveCfg = Debug|Any CPU
		{453A011F-CE1E-4B3C-84F6-1E4D621258FE}.Debug|x64.Build.0 = Debug|Any CPU
		{453A011F-CE1E-4B3C-84F6-1E4D621258FE}.Debug|x86.ActiveCfg = Debug|Any CPU
		{453A011F-CE1E-4B3C-84F6-1E4D621258FE}.Debug|x86.Build.0 = Debug|Any CPU
		{453A011F-CE1E-4B3C-84F6-1E4D621258FE}.Release|Any CPU.ActiveCfg = Release|Any CPU
		{453A011F-CE1E-4B3C-84F6-1E4D621258FE}.Release|Any CPU.Build.0 = Release|Any CPU
		{453A011F-CE1E-4B3C-84F6-1E4D621258FE}.Release|x64.ActiveCfg = Release|Any CPU
		{453A011F-CE1E-4B3C-84F6-1E4D621258FE}.Release|x64.Build.0 = Release|Any CPU
		{453A011F-CE1E-4B3C-84F6-1E4D621258FE}.Release|x86.ActiveCfg = Release|Any CPU
		{453A011F-CE1E-4B3C-84F6-1E4D621258FE}.Release|x86.Build.0 = Release|Any CPU
		{FBD6A0DB-5961-4C8F-AC5D-4FAF51014B43}.Debug|Any CPU.ActiveCfg = Debug|Win32
		{FBD6A0DB-5961-4C8F-AC5D-4FAF51014B43}.Debug|x64.ActiveCfg = Debug|x64
		{FBD6A0DB-5961-4C8F-AC5D-4FAF51014B43}.Debug|x64.Build.0 = Debug|x64
		{FBD6A0DB-5961-4C8F-AC5D-4FAF51014B43}.Debug|x86.ActiveCfg = Debug|Win32
		{FBD6A0DB-5961-4C8F-AC5D-4FAF51014B43}.Debug|x86.Build.0 = Debug|Win32
		{FBD6A0DB-5961-4C8F-AC5D-4FAF51014B43}.Release|Any CPU.ActiveCfg = Release|Win32
		{FBD6A0DB-5961-4C8F-AC5D-4FAF51014B43}.Release|x64.ActiveCfg = Release|x64
		{FBD6A0DB-5961-4C8F-AC5D-4FAF51014B43}.Release|x64.Build.0 = Release|x64
		{FBD6A0DB-5961-4C8F-AC5D-4FAF51014B43}.Release|x86.ActiveCfg = Release|Win32
		{FBD6A0DB-5961-4C8F-AC5D-4FAF51014B43}.Release|x86.Build.0 = Release|Win32
		{F5E9FA81-9E1E-4B84-BA48-DFBDD34C6117}.Debug|Any CPU.ActiveCfg = Debug|Any CPU
		{F5E9FA81-9E1E-4B84-BA48-DFBDD34C6117}.Debug|Any CPU.Build.0 = Debug|Any CPU
		{F5E9FA81-9E1E-4B84-BA48-DFBDD34C6117}.Debug|x64.ActiveCfg = Debug|Any CPU
		{F5E9FA81-9E1E-4B84-BA48-DFBDD34C6117}.Debug|x64.Build.0 = Debug|Any CPU
		{F5E9FA81-9E1E-4B84-BA48-DFBDD34C6117}.Debug|x86.ActiveCfg = Debug|Any CPU
		{F5E9FA81-9E1E-4B84-BA48-DFBDD34C6117}.Debug|x86.Build.0 = Debug|Any CPU
		{F5E9FA81-9E1E-4B84-BA48-DFBDD34C6117}.Release|Any CPU.ActiveCfg = Release|Any CPU
		{F5E9FA81-9E1E-4B84-BA48-DFBDD34C6117}.Release|Any CPU.Build.0 = Release|Any CPU
		{F5E9FA81-9E1E-4B84-BA48-DFBDD34C6117}.Release|x64.ActiveCfg = Release|Any CPU
		{F5E9FA81-9E1E-4B84-BA48-DFBDD34C6117}.Release|x64.Build.0 = Release|Any CPU
		{F5E9FA81-9E1E-4B84-BA48-DFBDD34C6117}.Release|x86.ActiveCfg = Release|Any CPU
		{F5E9FA81-9E1E-4B84-BA48-DFBDD34C6117}.Release|x86.Build.0 = Release|Any CPU
		{C190C729-8CE4-41A8-B857-D48402677976}.Debug|Any CPU.ActiveCfg = Debug|Any CPU
		{C190C729-8CE4-41A8-B857-D48402677976}.Debug|Any CPU.Build.0 = Debug|Any CPU
		{C190C729-8CE4-41A8-B857-D48402677976}.Debug|x64.ActiveCfg = Debug|Any CPU
		{C190C729-8CE4-41A8-B857-D48402677976}.Debug|x64.Build.0 = Debug|Any CPU
		{C190C729-8CE4-41A8-B857-D48402677976}.Debug|x86.ActiveCfg = Debug|Any CPU
		{C190C729-8CE4-41A8-B857-D48402677976}.Debug|x86.Build.0 = Debug|Any CPU
		{C190C729-8CE4-41A8-B857-D48402677976}.Release|Any CPU.ActiveCfg = Release|Any CPU
		{C190C729-8CE4-41A8-B857-D48402677976}.Release|Any CPU.Build.0 = Release|Any CPU
		{C190C729-8CE4-41A8-B857-D48402677976}.Release|x64.ActiveCfg = Release|Any CPU
		{C190C729-8CE4-41A8-B857-D48402677976}.Release|x64.Build.0 = Release|Any CPU
		{C190C729-8CE4-41A8-B857-D48402677976}.Release|x86.ActiveCfg = Release|Any CPU
		{C190C729-8CE4-41A8-B857-D48402677976}.Release|x86.Build.0 = Release|Any CPU
		{03D0B94B-A9CF-44BC-B5F3-57B41B342831}.Debug|Any CPU.ActiveCfg = Debug|Any CPU
		{03D0B94B-A9CF-44BC-B5F3-57B41B342831}.Debug|Any CPU.Build.0 = Debug|Any CPU
		{03D0B94B-A9CF-44BC-B5F3-57B41B342831}.Debug|x64.ActiveCfg = Debug|Any CPU
		{03D0B94B-A9CF-44BC-B5F3-57B41B342831}.Debug|x64.Build.0 = Debug|Any CPU
		{03D0B94B-A9CF-44BC-B5F3-57B41B342831}.Debug|x86.ActiveCfg = Debug|Any CPU
		{03D0B94B-A9CF-44BC-B5F3-57B41B342831}.Debug|x86.Build.0 = Debug|Any CPU
		{03D0B94B-A9CF-44BC-B5F3-57B41B342831}.Release|Any CPU.ActiveCfg = Release|Any CPU
		{03D0B94B-A9CF-44BC-B5F3-57B41B342831}.Release|Any CPU.Build.0 = Release|Any CPU
		{03D0B94B-A9CF-44BC-B5F3-57B41B342831}.Release|x64.ActiveCfg = Release|Any CPU
		{03D0B94B-A9CF-44BC-B5F3-57B41B342831}.Release|x64.Build.0 = Release|Any CPU
		{03D0B94B-A9CF-44BC-B5F3-57B41B342831}.Release|x86.ActiveCfg = Release|Any CPU
		{03D0B94B-A9CF-44BC-B5F3-57B41B342831}.Release|x86.Build.0 = Release|Any CPU
		{84B99C2F-54B3-4676-B364-B2A13FBF9ACD}.Debug|Any CPU.ActiveCfg = Debug|Any CPU
		{84B99C2F-54B3-4676-B364-B2A13FBF9ACD}.Debug|Any CPU.Build.0 = Debug|Any CPU
		{84B99C2F-54B3-4676-B364-B2A13FBF9ACD}.Debug|x64.ActiveCfg = Debug|Any CPU
		{84B99C2F-54B3-4676-B364-B2A13FBF9ACD}.Debug|x64.Build.0 = Debug|Any CPU
		{84B99C2F-54B3-4676-B364-B2A13FBF9ACD}.Debug|x86.ActiveCfg = Debug|Any CPU
		{84B99C2F-54B3-4676-B364-B2A13FBF9ACD}.Debug|x86.Build.0 = Debug|Any CPU
		{84B99C2F-54B3-4676-B364-B2A13FBF9ACD}.Release|Any CPU.ActiveCfg = Release|Any CPU
		{84B99C2F-54B3-4676-B364-B2A13FBF9ACD}.Release|Any CPU.Build.0 = Release|Any CPU
		{84B99C2F-54B3-4676-B364-B2A13FBF9ACD}.Release|x64.ActiveCfg = Release|Any CPU
		{84B99C2F-54B3-4676-B364-B2A13FBF9ACD}.Release|x64.Build.0 = Release|Any CPU
		{84B99C2F-54B3-4676-B364-B2A13FBF9ACD}.Release|x86.ActiveCfg = Release|Any CPU
		{84B99C2F-54B3-4676-B364-B2A13FBF9ACD}.Release|x86.Build.0 = Release|Any CPU
		{9C5FCC20-933E-4C88-B892-96DB563DFF25}.Debug|Any CPU.ActiveCfg = Debug|Any CPU
		{9C5FCC20-933E-4C88-B892-96DB563DFF25}.Debug|Any CPU.Build.0 = Debug|Any CPU
		{9C5FCC20-933E-4C88-B892-96DB563DFF25}.Debug|x64.ActiveCfg = Debug|Any CPU
		{9C5FCC20-933E-4C88-B892-96DB563DFF25}.Debug|x64.Build.0 = Debug|Any CPU
		{9C5FCC20-933E-4C88-B892-96DB563DFF25}.Debug|x86.ActiveCfg = Debug|Any CPU
		{9C5FCC20-933E-4C88-B892-96DB563DFF25}.Debug|x86.Build.0 = Debug|Any CPU
		{9C5FCC20-933E-4C88-B892-96DB563DFF25}.Release|Any CPU.ActiveCfg = Release|Any CPU
		{9C5FCC20-933E-4C88-B892-96DB563DFF25}.Release|Any CPU.Build.0 = Release|Any CPU
		{9C5FCC20-933E-4C88-B892-96DB563DFF25}.Release|x64.ActiveCfg = Release|Any CPU
		{9C5FCC20-933E-4C88-B892-96DB563DFF25}.Release|x64.Build.0 = Release|Any CPU
		{9C5FCC20-933E-4C88-B892-96DB563DFF25}.Release|x86.ActiveCfg = Release|Any CPU
		{9C5FCC20-933E-4C88-B892-96DB563DFF25}.Release|x86.Build.0 = Release|Any CPU
		{38DACA9D-E9E4-45D4-81A0-C816014F740B}.Debug|Any CPU.ActiveCfg = Debug|Any CPU
		{38DACA9D-E9E4-45D4-81A0-C816014F740B}.Debug|Any CPU.Build.0 = Debug|Any CPU
		{38DACA9D-E9E4-45D4-81A0-C816014F740B}.Debug|x64.ActiveCfg = Debug|Any CPU
		{38DACA9D-E9E4-45D4-81A0-C816014F740B}.Debug|x64.Build.0 = Debug|Any CPU
		{38DACA9D-E9E4-45D4-81A0-C816014F740B}.Debug|x86.ActiveCfg = Debug|Any CPU
		{38DACA9D-E9E4-45D4-81A0-C816014F740B}.Debug|x86.Build.0 = Debug|Any CPU
		{38DACA9D-E9E4-45D4-81A0-C816014F740B}.Release|Any CPU.ActiveCfg = Release|Any CPU
		{38DACA9D-E9E4-45D4-81A0-C816014F740B}.Release|Any CPU.Build.0 = Release|Any CPU
		{38DACA9D-E9E4-45D4-81A0-C816014F740B}.Release|x64.ActiveCfg = Release|Any CPU
		{38DACA9D-E9E4-45D4-81A0-C816014F740B}.Release|x64.Build.0 = Release|Any CPU
		{38DACA9D-E9E4-45D4-81A0-C816014F740B}.Release|x86.ActiveCfg = Release|Any CPU
		{38DACA9D-E9E4-45D4-81A0-C816014F740B}.Release|x86.Build.0 = Release|Any CPU
		{366BFD39-CD0E-4BF0-96FF-7D9FA761E48D}.Debug|Any CPU.ActiveCfg = Debug|Any CPU
		{366BFD39-CD0E-4BF0-96FF-7D9FA761E48D}.Debug|Any CPU.Build.0 = Debug|Any CPU
		{366BFD39-CD0E-4BF0-96FF-7D9FA761E48D}.Debug|x64.ActiveCfg = Debug|Any CPU
		{366BFD39-CD0E-4BF0-96FF-7D9FA761E48D}.Debug|x64.Build.0 = Debug|Any CPU
		{366BFD39-CD0E-4BF0-96FF-7D9FA761E48D}.Debug|x86.ActiveCfg = Debug|Any CPU
		{366BFD39-CD0E-4BF0-96FF-7D9FA761E48D}.Debug|x86.Build.0 = Debug|Any CPU
		{366BFD39-CD0E-4BF0-96FF-7D9FA761E48D}.Release|Any CPU.ActiveCfg = Release|Any CPU
		{366BFD39-CD0E-4BF0-96FF-7D9FA761E48D}.Release|Any CPU.Build.0 = Release|Any CPU
		{366BFD39-CD0E-4BF0-96FF-7D9FA761E48D}.Release|x64.ActiveCfg = Release|Any CPU
		{366BFD39-CD0E-4BF0-96FF-7D9FA761E48D}.Release|x64.Build.0 = Release|Any CPU
		{366BFD39-CD0E-4BF0-96FF-7D9FA761E48D}.Release|x86.ActiveCfg = Release|Any CPU
		{366BFD39-CD0E-4BF0-96FF-7D9FA761E48D}.Release|x86.Build.0 = Release|Any CPU
		{B0844A52-D6F4-4F1D-AA41-E19DA5157ED8}.Debug|Any CPU.ActiveCfg = Debug|Any CPU
		{B0844A52-D6F4-4F1D-AA41-E19DA5157ED8}.Debug|Any CPU.Build.0 = Debug|Any CPU
		{B0844A52-D6F4-4F1D-AA41-E19DA5157ED8}.Debug|x64.ActiveCfg = Debug|Any CPU
		{B0844A52-D6F4-4F1D-AA41-E19DA5157ED8}.Debug|x64.Build.0 = Debug|Any CPU
		{B0844A52-D6F4-4F1D-AA41-E19DA5157ED8}.Debug|x86.ActiveCfg = Debug|Any CPU
		{B0844A52-D6F4-4F1D-AA41-E19DA5157ED8}.Debug|x86.Build.0 = Debug|Any CPU
		{B0844A52-D6F4-4F1D-AA41-E19DA5157ED8}.Release|Any CPU.ActiveCfg = Release|Any CPU
		{B0844A52-D6F4-4F1D-AA41-E19DA5157ED8}.Release|Any CPU.Build.0 = Release|Any CPU
		{B0844A52-D6F4-4F1D-AA41-E19DA5157ED8}.Release|x64.ActiveCfg = Release|Any CPU
		{B0844A52-D6F4-4F1D-AA41-E19DA5157ED8}.Release|x64.Build.0 = Release|Any CPU
		{B0844A52-D6F4-4F1D-AA41-E19DA5157ED8}.Release|x86.ActiveCfg = Release|Any CPU
		{B0844A52-D6F4-4F1D-AA41-E19DA5157ED8}.Release|x86.Build.0 = Release|Any CPU
		{4DE7D4D5-0A50-4B47-8B61-655A2027F2E7}.Debug|Any CPU.ActiveCfg = Debug|Any CPU
		{4DE7D4D5-0A50-4B47-8B61-655A2027F2E7}.Debug|Any CPU.Build.0 = Debug|Any CPU
		{4DE7D4D5-0A50-4B47-8B61-655A2027F2E7}.Debug|x64.ActiveCfg = Debug|Any CPU
		{4DE7D4D5-0A50-4B47-8B61-655A2027F2E7}.Debug|x64.Build.0 = Debug|Any CPU
		{4DE7D4D5-0A50-4B47-8B61-655A2027F2E7}.Debug|x86.ActiveCfg = Debug|Any CPU
		{4DE7D4D5-0A50-4B47-8B61-655A2027F2E7}.Debug|x86.Build.0 = Debug|Any CPU
		{4DE7D4D5-0A50-4B47-8B61-655A2027F2E7}.Release|Any CPU.ActiveCfg = Release|Any CPU
		{4DE7D4D5-0A50-4B47-8B61-655A2027F2E7}.Release|Any CPU.Build.0 = Release|Any CPU
		{4DE7D4D5-0A50-4B47-8B61-655A2027F2E7}.Release|x64.ActiveCfg = Release|Any CPU
		{4DE7D4D5-0A50-4B47-8B61-655A2027F2E7}.Release|x64.Build.0 = Release|Any CPU
		{4DE7D4D5-0A50-4B47-8B61-655A2027F2E7}.Release|x86.ActiveCfg = Release|Any CPU
		{4DE7D4D5-0A50-4B47-8B61-655A2027F2E7}.Release|x86.Build.0 = Release|Any CPU
		{A50749C8-CC71-4F6D-8485-4890752D1246}.Debug|Any CPU.ActiveCfg = Debug|Any CPU
		{A50749C8-CC71-4F6D-8485-4890752D1246}.Debug|Any CPU.Build.0 = Debug|Any CPU
		{A50749C8-CC71-4F6D-8485-4890752D1246}.Debug|x64.ActiveCfg = Debug|Any CPU
		{A50749C8-CC71-4F6D-8485-4890752D1246}.Debug|x64.Build.0 = Debug|Any CPU
		{A50749C8-CC71-4F6D-8485-4890752D1246}.Debug|x86.ActiveCfg = Debug|Any CPU
		{A50749C8-CC71-4F6D-8485-4890752D1246}.Debug|x86.Build.0 = Debug|Any CPU
		{A50749C8-CC71-4F6D-8485-4890752D1246}.Release|Any CPU.ActiveCfg = Release|Any CPU
		{A50749C8-CC71-4F6D-8485-4890752D1246}.Release|Any CPU.Build.0 = Release|Any CPU
		{A50749C8-CC71-4F6D-8485-4890752D1246}.Release|x64.ActiveCfg = Release|Any CPU
		{A50749C8-CC71-4F6D-8485-4890752D1246}.Release|x64.Build.0 = Release|Any CPU
		{A50749C8-CC71-4F6D-8485-4890752D1246}.Release|x86.ActiveCfg = Release|Any CPU
		{A50749C8-CC71-4F6D-8485-4890752D1246}.Release|x86.Build.0 = Release|Any CPU
		{2F7672AE-FA19-46C4-ADE8-AD91FBA84702}.Debug|Any CPU.ActiveCfg = Debug|Any CPU
		{2F7672AE-FA19-46C4-ADE8-AD91FBA84702}.Debug|Any CPU.Build.0 = Debug|Any CPU
		{2F7672AE-FA19-46C4-ADE8-AD91FBA84702}.Debug|x64.ActiveCfg = Debug|Any CPU
		{2F7672AE-FA19-46C4-ADE8-AD91FBA84702}.Debug|x64.Build.0 = Debug|Any CPU
		{2F7672AE-FA19-46C4-ADE8-AD91FBA84702}.Debug|x86.ActiveCfg = Debug|Any CPU
		{2F7672AE-FA19-46C4-ADE8-AD91FBA84702}.Debug|x86.Build.0 = Debug|Any CPU
		{2F7672AE-FA19-46C4-ADE8-AD91FBA84702}.Release|Any CPU.ActiveCfg = Release|Any CPU
		{2F7672AE-FA19-46C4-ADE8-AD91FBA84702}.Release|Any CPU.Build.0 = Release|Any CPU
		{2F7672AE-FA19-46C4-ADE8-AD91FBA84702}.Release|x64.ActiveCfg = Release|Any CPU
		{2F7672AE-FA19-46C4-ADE8-AD91FBA84702}.Release|x64.Build.0 = Release|Any CPU
		{2F7672AE-FA19-46C4-ADE8-AD91FBA84702}.Release|x86.ActiveCfg = Release|Any CPU
		{2F7672AE-FA19-46C4-ADE8-AD91FBA84702}.Release|x86.Build.0 = Release|Any CPU
		{BB7BEEA6-C96A-4051-8C0A-0D9BFFBB7CD3}.Debug|Any CPU.ActiveCfg = Debug|Any CPU
		{BB7BEEA6-C96A-4051-8C0A-0D9BFFBB7CD3}.Debug|Any CPU.Build.0 = Debug|Any CPU
		{BB7BEEA6-C96A-4051-8C0A-0D9BFFBB7CD3}.Debug|x64.ActiveCfg = Debug|Any CPU
		{BB7BEEA6-C96A-4051-8C0A-0D9BFFBB7CD3}.Debug|x64.Build.0 = Debug|Any CPU
		{BB7BEEA6-C96A-4051-8C0A-0D9BFFBB7CD3}.Debug|x86.ActiveCfg = Debug|Any CPU
		{BB7BEEA6-C96A-4051-8C0A-0D9BFFBB7CD3}.Debug|x86.Build.0 = Debug|Any CPU
		{BB7BEEA6-C96A-4051-8C0A-0D9BFFBB7CD3}.Release|Any CPU.ActiveCfg = Release|Any CPU
		{BB7BEEA6-C96A-4051-8C0A-0D9BFFBB7CD3}.Release|Any CPU.Build.0 = Release|Any CPU
		{BB7BEEA6-C96A-4051-8C0A-0D9BFFBB7CD3}.Release|x64.ActiveCfg = Release|Any CPU
		{BB7BEEA6-C96A-4051-8C0A-0D9BFFBB7CD3}.Release|x64.Build.0 = Release|Any CPU
		{BB7BEEA6-C96A-4051-8C0A-0D9BFFBB7CD3}.Release|x86.ActiveCfg = Release|Any CPU
		{BB7BEEA6-C96A-4051-8C0A-0D9BFFBB7CD3}.Release|x86.Build.0 = Release|Any CPU
		{517D23B5-510E-42BF-BAAD-AE56C5561CEE}.Debug|Any CPU.ActiveCfg = Debug|Any CPU
		{517D23B5-510E-42BF-BAAD-AE56C5561CEE}.Debug|Any CPU.Build.0 = Debug|Any CPU
		{517D23B5-510E-42BF-BAAD-AE56C5561CEE}.Debug|x64.ActiveCfg = Debug|Any CPU
		{517D23B5-510E-42BF-BAAD-AE56C5561CEE}.Debug|x64.Build.0 = Debug|Any CPU
		{517D23B5-510E-42BF-BAAD-AE56C5561CEE}.Debug|x86.ActiveCfg = Debug|Any CPU
		{517D23B5-510E-42BF-BAAD-AE56C5561CEE}.Debug|x86.Build.0 = Debug|Any CPU
		{517D23B5-510E-42BF-BAAD-AE56C5561CEE}.Release|Any CPU.ActiveCfg = Release|Any CPU
		{517D23B5-510E-42BF-BAAD-AE56C5561CEE}.Release|Any CPU.Build.0 = Release|Any CPU
		{517D23B5-510E-42BF-BAAD-AE56C5561CEE}.Release|x64.ActiveCfg = Release|Any CPU
		{517D23B5-510E-42BF-BAAD-AE56C5561CEE}.Release|x64.Build.0 = Release|Any CPU
		{517D23B5-510E-42BF-BAAD-AE56C5561CEE}.Release|x86.ActiveCfg = Release|Any CPU
		{517D23B5-510E-42BF-BAAD-AE56C5561CEE}.Release|x86.Build.0 = Release|Any CPU
		{7E5AB31C-92CE-4A60-910E-1652CA05055F}.Debug|Any CPU.ActiveCfg = Debug|Any CPU
		{7E5AB31C-92CE-4A60-910E-1652CA05055F}.Debug|Any CPU.Build.0 = Debug|Any CPU
		{7E5AB31C-92CE-4A60-910E-1652CA05055F}.Debug|x64.ActiveCfg = Debug|Any CPU
		{7E5AB31C-92CE-4A60-910E-1652CA05055F}.Debug|x64.Build.0 = Debug|Any CPU
		{7E5AB31C-92CE-4A60-910E-1652CA05055F}.Debug|x86.ActiveCfg = Debug|Any CPU
		{7E5AB31C-92CE-4A60-910E-1652CA05055F}.Debug|x86.Build.0 = Debug|Any CPU
		{7E5AB31C-92CE-4A60-910E-1652CA05055F}.Release|Any CPU.ActiveCfg = Release|Any CPU
		{7E5AB31C-92CE-4A60-910E-1652CA05055F}.Release|Any CPU.Build.0 = Release|Any CPU
		{7E5AB31C-92CE-4A60-910E-1652CA05055F}.Release|x64.ActiveCfg = Release|Any CPU
		{7E5AB31C-92CE-4A60-910E-1652CA05055F}.Release|x64.Build.0 = Release|Any CPU
		{7E5AB31C-92CE-4A60-910E-1652CA05055F}.Release|x86.ActiveCfg = Release|Any CPU
		{7E5AB31C-92CE-4A60-910E-1652CA05055F}.Release|x86.Build.0 = Release|Any CPU
		{BAF1731E-BC23-4FAC-A537-A0F29CE131AB}.Debug|Any CPU.ActiveCfg = Debug|Any CPU
		{BAF1731E-BC23-4FAC-A537-A0F29CE131AB}.Debug|Any CPU.Build.0 = Debug|Any CPU
		{BAF1731E-BC23-4FAC-A537-A0F29CE131AB}.Debug|x64.ActiveCfg = Debug|Any CPU
		{BAF1731E-BC23-4FAC-A537-A0F29CE131AB}.Debug|x64.Build.0 = Debug|Any CPU
		{BAF1731E-BC23-4FAC-A537-A0F29CE131AB}.Debug|x86.ActiveCfg = Debug|Any CPU
		{BAF1731E-BC23-4FAC-A537-A0F29CE131AB}.Debug|x86.Build.0 = Debug|Any CPU
		{BAF1731E-BC23-4FAC-A537-A0F29CE131AB}.Release|Any CPU.ActiveCfg = Release|Any CPU
		{BAF1731E-BC23-4FAC-A537-A0F29CE131AB}.Release|Any CPU.Build.0 = Release|Any CPU
		{BAF1731E-BC23-4FAC-A537-A0F29CE131AB}.Release|x64.ActiveCfg = Release|Any CPU
		{BAF1731E-BC23-4FAC-A537-A0F29CE131AB}.Release|x64.Build.0 = Release|Any CPU
		{BAF1731E-BC23-4FAC-A537-A0F29CE131AB}.Release|x86.ActiveCfg = Release|Any CPU
		{BAF1731E-BC23-4FAC-A537-A0F29CE131AB}.Release|x86.Build.0 = Release|Any CPU
		{9CB265DB-ECAE-4AE3-8749-A909522EC2EC}.Debug|Any CPU.ActiveCfg = Debug|Any CPU
		{9CB265DB-ECAE-4AE3-8749-A909522EC2EC}.Debug|Any CPU.Build.0 = Debug|Any CPU
		{9CB265DB-ECAE-4AE3-8749-A909522EC2EC}.Debug|x64.ActiveCfg = Debug|Any CPU
		{9CB265DB-ECAE-4AE3-8749-A909522EC2EC}.Debug|x64.Build.0 = Debug|Any CPU
		{9CB265DB-ECAE-4AE3-8749-A909522EC2EC}.Debug|x86.ActiveCfg = Debug|Any CPU
		{9CB265DB-ECAE-4AE3-8749-A909522EC2EC}.Debug|x86.Build.0 = Debug|Any CPU
		{9CB265DB-ECAE-4AE3-8749-A909522EC2EC}.Release|Any CPU.ActiveCfg = Release|Any CPU
		{9CB265DB-ECAE-4AE3-8749-A909522EC2EC}.Release|Any CPU.Build.0 = Release|Any CPU
		{9CB265DB-ECAE-4AE3-8749-A909522EC2EC}.Release|x64.ActiveCfg = Release|Any CPU
		{9CB265DB-ECAE-4AE3-8749-A909522EC2EC}.Release|x64.Build.0 = Release|Any CPU
		{9CB265DB-ECAE-4AE3-8749-A909522EC2EC}.Release|x86.ActiveCfg = Release|Any CPU
		{9CB265DB-ECAE-4AE3-8749-A909522EC2EC}.Release|x86.Build.0 = Release|Any CPU
		{EEFEF0BF-48B6-405F-A355-0EEDA8F779E6}.Debug|Any CPU.ActiveCfg = Debug|Any CPU
		{EEFEF0BF-48B6-405F-A355-0EEDA8F779E6}.Debug|Any CPU.Build.0 = Debug|Any CPU
		{EEFEF0BF-48B6-405F-A355-0EEDA8F779E6}.Debug|x64.ActiveCfg = Debug|Any CPU
		{EEFEF0BF-48B6-405F-A355-0EEDA8F779E6}.Debug|x64.Build.0 = Debug|Any CPU
		{EEFEF0BF-48B6-405F-A355-0EEDA8F779E6}.Debug|x86.ActiveCfg = Debug|Any CPU
		{EEFEF0BF-48B6-405F-A355-0EEDA8F779E6}.Debug|x86.Build.0 = Debug|Any CPU
		{EEFEF0BF-48B6-405F-A355-0EEDA8F779E6}.Release|Any CPU.ActiveCfg = Release|Any CPU
		{EEFEF0BF-48B6-405F-A355-0EEDA8F779E6}.Release|Any CPU.Build.0 = Release|Any CPU
		{EEFEF0BF-48B6-405F-A355-0EEDA8F779E6}.Release|x64.ActiveCfg = Release|Any CPU
		{EEFEF0BF-48B6-405F-A355-0EEDA8F779E6}.Release|x64.Build.0 = Release|Any CPU
		{EEFEF0BF-48B6-405F-A355-0EEDA8F779E6}.Release|x86.ActiveCfg = Release|Any CPU
		{EEFEF0BF-48B6-405F-A355-0EEDA8F779E6}.Release|x86.Build.0 = Release|Any CPU
		{C0EDD851-6F37-48AF-B519-38D634841E1B}.Debug|Any CPU.ActiveCfg = Debug|Win32
		{C0EDD851-6F37-48AF-B519-38D634841E1B}.Debug|x64.ActiveCfg = Debug|x64
		{C0EDD851-6F37-48AF-B519-38D634841E1B}.Debug|x64.Build.0 = Debug|x64
		{C0EDD851-6F37-48AF-B519-38D634841E1B}.Debug|x86.ActiveCfg = Debug|Win32
		{C0EDD851-6F37-48AF-B519-38D634841E1B}.Debug|x86.Build.0 = Debug|Win32
		{C0EDD851-6F37-48AF-B519-38D634841E1B}.Release|Any CPU.ActiveCfg = Release|Win32
		{C0EDD851-6F37-48AF-B519-38D634841E1B}.Release|x64.ActiveCfg = Release|x64
		{C0EDD851-6F37-48AF-B519-38D634841E1B}.Release|x64.Build.0 = Release|x64
		{C0EDD851-6F37-48AF-B519-38D634841E1B}.Release|x86.ActiveCfg = Release|Win32
		{C0EDD851-6F37-48AF-B519-38D634841E1B}.Release|x86.Build.0 = Release|Win32
		{7D52DEF7-1928-4929-B4B3-ED10E6970B5E}.Debug|Any CPU.ActiveCfg = Debug|Win32
		{7D52DEF7-1928-4929-B4B3-ED10E6970B5E}.Debug|x64.ActiveCfg = Debug|x64
		{7D52DEF7-1928-4929-B4B3-ED10E6970B5E}.Debug|x64.Build.0 = Debug|x64
		{7D52DEF7-1928-4929-B4B3-ED10E6970B5E}.Debug|x86.ActiveCfg = Debug|Win32
		{7D52DEF7-1928-4929-B4B3-ED10E6970B5E}.Debug|x86.Build.0 = Debug|Win32
		{7D52DEF7-1928-4929-B4B3-ED10E6970B5E}.Release|Any CPU.ActiveCfg = Release|Win32
		{7D52DEF7-1928-4929-B4B3-ED10E6970B5E}.Release|x64.ActiveCfg = Release|x64
		{7D52DEF7-1928-4929-B4B3-ED10E6970B5E}.Release|x64.Build.0 = Release|x64
		{7D52DEF7-1928-4929-B4B3-ED10E6970B5E}.Release|x86.ActiveCfg = Release|Win32
		{7D52DEF7-1928-4929-B4B3-ED10E6970B5E}.Release|x86.Build.0 = Release|Win32
		{D10C6844-68E2-4E45-8C52-46DB2059B2D2}.Debug|Any CPU.ActiveCfg = Debug|Any CPU
		{D10C6844-68E2-4E45-8C52-46DB2059B2D2}.Debug|Any CPU.Build.0 = Debug|Any CPU
		{D10C6844-68E2-4E45-8C52-46DB2059B2D2}.Debug|x64.ActiveCfg = Debug|Any CPU
		{D10C6844-68E2-4E45-8C52-46DB2059B2D2}.Debug|x64.Build.0 = Debug|Any CPU
		{D10C6844-68E2-4E45-8C52-46DB2059B2D2}.Debug|x86.ActiveCfg = Debug|Any CPU
		{D10C6844-68E2-4E45-8C52-46DB2059B2D2}.Debug|x86.Build.0 = Debug|Any CPU
		{D10C6844-68E2-4E45-8C52-46DB2059B2D2}.Release|Any CPU.ActiveCfg = Release|Any CPU
		{D10C6844-68E2-4E45-8C52-46DB2059B2D2}.Release|Any CPU.Build.0 = Release|Any CPU
		{D10C6844-68E2-4E45-8C52-46DB2059B2D2}.Release|x64.ActiveCfg = Release|Any CPU
		{D10C6844-68E2-4E45-8C52-46DB2059B2D2}.Release|x64.Build.0 = Release|Any CPU
		{D10C6844-68E2-4E45-8C52-46DB2059B2D2}.Release|x86.ActiveCfg = Release|Any CPU
		{D10C6844-68E2-4E45-8C52-46DB2059B2D2}.Release|x86.Build.0 = Release|Any CPU
		{7481B265-24DA-4004-8DE5-6A2871324C98}.Debug|Any CPU.ActiveCfg = Debug|Any CPU
		{7481B265-24DA-4004-8DE5-6A2871324C98}.Debug|Any CPU.Build.0 = Debug|Any CPU
		{7481B265-24DA-4004-8DE5-6A2871324C98}.Debug|x64.ActiveCfg = Debug|Any CPU
		{7481B265-24DA-4004-8DE5-6A2871324C98}.Debug|x64.Build.0 = Debug|Any CPU
		{7481B265-24DA-4004-8DE5-6A2871324C98}.Debug|x86.ActiveCfg = Debug|Any CPU
		{7481B265-24DA-4004-8DE5-6A2871324C98}.Debug|x86.Build.0 = Debug|Any CPU
		{7481B265-24DA-4004-8DE5-6A2871324C98}.Release|Any CPU.ActiveCfg = Release|Any CPU
		{7481B265-24DA-4004-8DE5-6A2871324C98}.Release|Any CPU.Build.0 = Release|Any CPU
		{7481B265-24DA-4004-8DE5-6A2871324C98}.Release|x64.ActiveCfg = Release|Any CPU
		{7481B265-24DA-4004-8DE5-6A2871324C98}.Release|x64.Build.0 = Release|Any CPU
		{7481B265-24DA-4004-8DE5-6A2871324C98}.Release|x86.ActiveCfg = Release|Any CPU
		{7481B265-24DA-4004-8DE5-6A2871324C98}.Release|x86.Build.0 = Release|Any CPU
		{FD51E263-3498-4AE8-AC95-8D0A2B9C2369}.Debug|Any CPU.ActiveCfg = Debug|Any CPU
		{FD51E263-3498-4AE8-AC95-8D0A2B9C2369}.Debug|Any CPU.Build.0 = Debug|Any CPU
		{FD51E263-3498-4AE8-AC95-8D0A2B9C2369}.Debug|x64.ActiveCfg = Debug|Any CPU
		{FD51E263-3498-4AE8-AC95-8D0A2B9C2369}.Debug|x64.Build.0 = Debug|Any CPU
		{FD51E263-3498-4AE8-AC95-8D0A2B9C2369}.Debug|x86.ActiveCfg = Debug|Any CPU
		{FD51E263-3498-4AE8-AC95-8D0A2B9C2369}.Debug|x86.Build.0 = Debug|Any CPU
		{FD51E263-3498-4AE8-AC95-8D0A2B9C2369}.Release|Any CPU.ActiveCfg = Release|Any CPU
		{FD51E263-3498-4AE8-AC95-8D0A2B9C2369}.Release|Any CPU.Build.0 = Release|Any CPU
		{FD51E263-3498-4AE8-AC95-8D0A2B9C2369}.Release|x64.ActiveCfg = Release|Any CPU
		{FD51E263-3498-4AE8-AC95-8D0A2B9C2369}.Release|x64.Build.0 = Release|Any CPU
		{FD51E263-3498-4AE8-AC95-8D0A2B9C2369}.Release|x86.ActiveCfg = Release|Any CPU
		{FD51E263-3498-4AE8-AC95-8D0A2B9C2369}.Release|x86.Build.0 = Release|Any CPU
		{EE1456AF-0E7E-474D-9889-BF95A9F35C53}.Debug|Any CPU.ActiveCfg = Debug|Any CPU
		{EE1456AF-0E7E-474D-9889-BF95A9F35C53}.Debug|Any CPU.Build.0 = Debug|Any CPU
		{EE1456AF-0E7E-474D-9889-BF95A9F35C53}.Debug|x64.ActiveCfg = Debug|Any CPU
		{EE1456AF-0E7E-474D-9889-BF95A9F35C53}.Debug|x64.Build.0 = Debug|Any CPU
		{EE1456AF-0E7E-474D-9889-BF95A9F35C53}.Debug|x86.ActiveCfg = Debug|Any CPU
		{EE1456AF-0E7E-474D-9889-BF95A9F35C53}.Debug|x86.Build.0 = Debug|Any CPU
		{EE1456AF-0E7E-474D-9889-BF95A9F35C53}.Release|Any CPU.ActiveCfg = Release|Any CPU
		{EE1456AF-0E7E-474D-9889-BF95A9F35C53}.Release|Any CPU.Build.0 = Release|Any CPU
		{EE1456AF-0E7E-474D-9889-BF95A9F35C53}.Release|x64.ActiveCfg = Release|Any CPU
		{EE1456AF-0E7E-474D-9889-BF95A9F35C53}.Release|x64.Build.0 = Release|Any CPU
		{EE1456AF-0E7E-474D-9889-BF95A9F35C53}.Release|x86.ActiveCfg = Release|Any CPU
		{EE1456AF-0E7E-474D-9889-BF95A9F35C53}.Release|x86.Build.0 = Release|Any CPU
		{9F15FC92-B9BB-4ECF-A48F-89C45A3B20DE}.Debug|Any CPU.ActiveCfg = Debug|Any CPU
		{9F15FC92-B9BB-4ECF-A48F-89C45A3B20DE}.Debug|Any CPU.Build.0 = Debug|Any CPU
		{9F15FC92-B9BB-4ECF-A48F-89C45A3B20DE}.Debug|x64.ActiveCfg = Debug|Any CPU
		{9F15FC92-B9BB-4ECF-A48F-89C45A3B20DE}.Debug|x64.Build.0 = Debug|Any CPU
		{9F15FC92-B9BB-4ECF-A48F-89C45A3B20DE}.Debug|x86.ActiveCfg = Debug|Any CPU
		{9F15FC92-B9BB-4ECF-A48F-89C45A3B20DE}.Debug|x86.Build.0 = Debug|Any CPU
		{9F15FC92-B9BB-4ECF-A48F-89C45A3B20DE}.Release|Any CPU.ActiveCfg = Release|Any CPU
		{9F15FC92-B9BB-4ECF-A48F-89C45A3B20DE}.Release|Any CPU.Build.0 = Release|Any CPU
		{9F15FC92-B9BB-4ECF-A48F-89C45A3B20DE}.Release|x64.ActiveCfg = Release|Any CPU
		{9F15FC92-B9BB-4ECF-A48F-89C45A3B20DE}.Release|x64.Build.0 = Release|Any CPU
		{9F15FC92-B9BB-4ECF-A48F-89C45A3B20DE}.Release|x86.ActiveCfg = Release|Any CPU
		{9F15FC92-B9BB-4ECF-A48F-89C45A3B20DE}.Release|x86.Build.0 = Release|Any CPU
		{FB2CDA4B-8316-4CE2-A067-C4C1A9732B8E}.Debug|Any CPU.ActiveCfg = Debug|Any CPU
		{FB2CDA4B-8316-4CE2-A067-C4C1A9732B8E}.Debug|Any CPU.Build.0 = Debug|Any CPU
		{FB2CDA4B-8316-4CE2-A067-C4C1A9732B8E}.Debug|x64.ActiveCfg = Debug|Any CPU
		{FB2CDA4B-8316-4CE2-A067-C4C1A9732B8E}.Debug|x64.Build.0 = Debug|Any CPU
		{FB2CDA4B-8316-4CE2-A067-C4C1A9732B8E}.Debug|x86.ActiveCfg = Debug|Any CPU
		{FB2CDA4B-8316-4CE2-A067-C4C1A9732B8E}.Debug|x86.Build.0 = Debug|Any CPU
		{FB2CDA4B-8316-4CE2-A067-C4C1A9732B8E}.Release|Any CPU.ActiveCfg = Release|Any CPU
		{FB2CDA4B-8316-4CE2-A067-C4C1A9732B8E}.Release|Any CPU.Build.0 = Release|Any CPU
		{FB2CDA4B-8316-4CE2-A067-C4C1A9732B8E}.Release|x64.ActiveCfg = Release|Any CPU
		{FB2CDA4B-8316-4CE2-A067-C4C1A9732B8E}.Release|x64.Build.0 = Release|Any CPU
		{FB2CDA4B-8316-4CE2-A067-C4C1A9732B8E}.Release|x86.ActiveCfg = Release|Any CPU
		{FB2CDA4B-8316-4CE2-A067-C4C1A9732B8E}.Release|x86.Build.0 = Release|Any CPU
		{ADEC5853-2867-4F68-ACD0-D6E937EE0F01}.Debug|Any CPU.ActiveCfg = Debug|Win32
		{ADEC5853-2867-4F68-ACD0-D6E937EE0F01}.Debug|x64.ActiveCfg = Debug|x64
		{ADEC5853-2867-4F68-ACD0-D6E937EE0F01}.Debug|x64.Build.0 = Debug|x64
		{ADEC5853-2867-4F68-ACD0-D6E937EE0F01}.Debug|x86.ActiveCfg = Debug|Win32
		{ADEC5853-2867-4F68-ACD0-D6E937EE0F01}.Debug|x86.Build.0 = Debug|Win32
		{ADEC5853-2867-4F68-ACD0-D6E937EE0F01}.Release|Any CPU.ActiveCfg = Release|Win32
		{ADEC5853-2867-4F68-ACD0-D6E937EE0F01}.Release|x64.ActiveCfg = Release|x64
		{ADEC5853-2867-4F68-ACD0-D6E937EE0F01}.Release|x64.Build.0 = Release|x64
		{ADEC5853-2867-4F68-ACD0-D6E937EE0F01}.Release|x86.ActiveCfg = Release|Win32
		{ADEC5853-2867-4F68-ACD0-D6E937EE0F01}.Release|x86.Build.0 = Release|Win32
		{975983B0-DF9D-451D-9FC6-1FFBBFB2A02F}.Debug|Any CPU.ActiveCfg = Debug|Any CPU
		{975983B0-DF9D-451D-9FC6-1FFBBFB2A02F}.Debug|Any CPU.Build.0 = Debug|Any CPU
		{975983B0-DF9D-451D-9FC6-1FFBBFB2A02F}.Debug|x64.ActiveCfg = Debug|Any CPU
		{975983B0-DF9D-451D-9FC6-1FFBBFB2A02F}.Debug|x64.Build.0 = Debug|Any CPU
		{975983B0-DF9D-451D-9FC6-1FFBBFB2A02F}.Debug|x86.ActiveCfg = Debug|Any CPU
		{975983B0-DF9D-451D-9FC6-1FFBBFB2A02F}.Debug|x86.Build.0 = Debug|Any CPU
		{975983B0-DF9D-451D-9FC6-1FFBBFB2A02F}.Release|Any CPU.ActiveCfg = Release|Any CPU
		{975983B0-DF9D-451D-9FC6-1FFBBFB2A02F}.Release|Any CPU.Build.0 = Release|Any CPU
		{975983B0-DF9D-451D-9FC6-1FFBBFB2A02F}.Release|x64.ActiveCfg = Release|Any CPU
		{975983B0-DF9D-451D-9FC6-1FFBBFB2A02F}.Release|x64.Build.0 = Release|Any CPU
		{975983B0-DF9D-451D-9FC6-1FFBBFB2A02F}.Release|x86.ActiveCfg = Release|Any CPU
		{975983B0-DF9D-451D-9FC6-1FFBBFB2A02F}.Release|x86.Build.0 = Release|Any CPU
		{DB0B0556-4D8C-4DE5-A99F-3757DB84B48D}.Debug|Any CPU.ActiveCfg = Debug|Any CPU
		{DB0B0556-4D8C-4DE5-A99F-3757DB84B48D}.Debug|Any CPU.Build.0 = Debug|Any CPU
		{DB0B0556-4D8C-4DE5-A99F-3757DB84B48D}.Debug|x64.ActiveCfg = Debug|Any CPU
		{DB0B0556-4D8C-4DE5-A99F-3757DB84B48D}.Debug|x64.Build.0 = Debug|Any CPU
		{DB0B0556-4D8C-4DE5-A99F-3757DB84B48D}.Debug|x86.ActiveCfg = Debug|Any CPU
		{DB0B0556-4D8C-4DE5-A99F-3757DB84B48D}.Debug|x86.Build.0 = Debug|Any CPU
		{DB0B0556-4D8C-4DE5-A99F-3757DB84B48D}.Release|Any CPU.ActiveCfg = Release|Any CPU
		{DB0B0556-4D8C-4DE5-A99F-3757DB84B48D}.Release|Any CPU.Build.0 = Release|Any CPU
		{DB0B0556-4D8C-4DE5-A99F-3757DB84B48D}.Release|x64.ActiveCfg = Release|Any CPU
		{DB0B0556-4D8C-4DE5-A99F-3757DB84B48D}.Release|x64.Build.0 = Release|Any CPU
		{DB0B0556-4D8C-4DE5-A99F-3757DB84B48D}.Release|x86.ActiveCfg = Release|Any CPU
		{DB0B0556-4D8C-4DE5-A99F-3757DB84B48D}.Release|x86.Build.0 = Release|Any CPU
		{9F50CA37-F7AD-480D-A445-EDE6C96D1129}.Debug|Any CPU.ActiveCfg = Debug|Any CPU
		{9F50CA37-F7AD-480D-A445-EDE6C96D1129}.Debug|Any CPU.Build.0 = Debug|Any CPU
		{9F50CA37-F7AD-480D-A445-EDE6C96D1129}.Debug|x64.ActiveCfg = Debug|Any CPU
		{9F50CA37-F7AD-480D-A445-EDE6C96D1129}.Debug|x64.Build.0 = Debug|Any CPU
		{9F50CA37-F7AD-480D-A445-EDE6C96D1129}.Debug|x86.ActiveCfg = Debug|Any CPU
		{9F50CA37-F7AD-480D-A445-EDE6C96D1129}.Debug|x86.Build.0 = Debug|Any CPU
		{9F50CA37-F7AD-480D-A445-EDE6C96D1129}.Release|Any CPU.ActiveCfg = Release|Any CPU
		{9F50CA37-F7AD-480D-A445-EDE6C96D1129}.Release|Any CPU.Build.0 = Release|Any CPU
		{9F50CA37-F7AD-480D-A445-EDE6C96D1129}.Release|x64.ActiveCfg = Release|Any CPU
		{9F50CA37-F7AD-480D-A445-EDE6C96D1129}.Release|x64.Build.0 = Release|Any CPU
		{9F50CA37-F7AD-480D-A445-EDE6C96D1129}.Release|x86.ActiveCfg = Release|Any CPU
		{9F50CA37-F7AD-480D-A445-EDE6C96D1129}.Release|x86.Build.0 = Release|Any CPU
		{CD771176-25FD-492B-86A8-DDB1E4F1EFD7}.Debug|Any CPU.ActiveCfg = Debug|Any CPU
		{CD771176-25FD-492B-86A8-DDB1E4F1EFD7}.Debug|Any CPU.Build.0 = Debug|Any CPU
		{CD771176-25FD-492B-86A8-DDB1E4F1EFD7}.Debug|x64.ActiveCfg = Debug|Any CPU
		{CD771176-25FD-492B-86A8-DDB1E4F1EFD7}.Debug|x64.Build.0 = Debug|Any CPU
		{CD771176-25FD-492B-86A8-DDB1E4F1EFD7}.Debug|x86.ActiveCfg = Debug|Any CPU
		{CD771176-25FD-492B-86A8-DDB1E4F1EFD7}.Debug|x86.Build.0 = Debug|Any CPU
		{CD771176-25FD-492B-86A8-DDB1E4F1EFD7}.Release|Any CPU.ActiveCfg = Release|Any CPU
		{CD771176-25FD-492B-86A8-DDB1E4F1EFD7}.Release|Any CPU.Build.0 = Release|Any CPU
		{CD771176-25FD-492B-86A8-DDB1E4F1EFD7}.Release|x64.ActiveCfg = Release|Any CPU
		{CD771176-25FD-492B-86A8-DDB1E4F1EFD7}.Release|x64.Build.0 = Release|Any CPU
		{CD771176-25FD-492B-86A8-DDB1E4F1EFD7}.Release|x86.ActiveCfg = Release|Any CPU
		{CD771176-25FD-492B-86A8-DDB1E4F1EFD7}.Release|x86.Build.0 = Release|Any CPU
	EndGlobalSection
	GlobalSection(SolutionProperties) = preSolution
		HideSolutionNode = FALSE
	EndGlobalSection
	GlobalSection(NestedProjects) = preSolution
		{8897288C-2FB7-4458-9794-D9E82CBDC503} = {29696F9E-3B07-4207-960F-9E6BD33A8EE7}
		{8E0B9FEC-994A-4794-AF8D-A310486EBBC9} = {AAC4319F-3F05-4AC5-AA4C-C3660307BCC2}
		{38885F01-6642-49A2-A492-F3B7629507C7} = {AAC4319F-3F05-4AC5-AA4C-C3660307BCC2}
		{7050C490-063F-44C4-943B-B3C14A10C259} = {AAC4319F-3F05-4AC5-AA4C-C3660307BCC2}
		{C0D7D254-ED14-40FB-B22D-DDE507DD02B2} = {AAC4319F-3F05-4AC5-AA4C-C3660307BCC2}
		{7821BE15-3712-4185-9BB8-BEEA98F146C5} = {C0482028-8516-4033-BE7F-9B7E0D7295A2}
		{3C23BF4E-CD05-44E8-B2F9-99392D5F4C1D} = {C0482028-8516-4033-BE7F-9B7E0D7295A2}
		{20654236-CDCA-474F-90C3-C26036E02FDD} = {9CA5B906-8E44-4AA5-97B4-21F731C22558}
		{859DFC84-02FD-4F36-A077-38EFD62CD244} = {3511EBD0-569A-4473-981F-D0B64D4C7BBB}
		{AE075410-619E-4C2F-955B-46F421F727B1} = {D4F40CA8-0DA2-43BF-BFE3-0693B136BCD8}
		{4F205EBB-780F-4ED7-8CB6-B20029B8DCA7} = {D4F40CA8-0DA2-43BF-BFE3-0693B136BCD8}
		{D1A64999-723F-495C-AC64-A0B90FB141DC} = {502FF63B-E6C3-48F9-B33C-8BB313EC9DC7}
		{0FC9BCCD-476D-4331-A429-3BF41EE3F2C9} = {C7CE2EB9-BDE7-4772-8403-C87D9886DE4F}
		{A546CFF6-1EBE-4FBE-A08B-86D6FDF12BD8} = {D4F40CA8-0DA2-43BF-BFE3-0693B136BCD8}
		{453A011F-CE1E-4B3C-84F6-1E4D621258FE} = {8D5C0D10-28FF-45EC-8ABE-A5A94A73D531}
		{FBD6A0DB-5961-4C8F-AC5D-4FAF51014B43} = {4A4F0024-8BDD-43AA-B9D2-45679BB945C6}
		{F5E9FA81-9E1E-4B84-BA48-DFBDD34C6117} = {8D5C0D10-28FF-45EC-8ABE-A5A94A73D531}
		{C190C729-8CE4-41A8-B857-D48402677976} = {CB83978D-51D9-47A1-B621-70DA1E814AE4}
		{03D0B94B-A9CF-44BC-B5F3-57B41B342831} = {CB83978D-51D9-47A1-B621-70DA1E814AE4}
		{84B99C2F-54B3-4676-B364-B2A13FBF9ACD} = {AC44CD97-7B1A-45A2-A7C7-6BDF17FBBE87}
		{9C5FCC20-933E-4C88-B892-96DB563DFF25} = {AC44CD97-7B1A-45A2-A7C7-6BDF17FBBE87}
		{38DACA9D-E9E4-45D4-81A0-C816014F740B} = {AC44CD97-7B1A-45A2-A7C7-6BDF17FBBE87}
		{366BFD39-CD0E-4BF0-96FF-7D9FA761E48D} = {3422DDFD-AC39-4BE1-91C9-E9D3BD0126EA}
		{B0844A52-D6F4-4F1D-AA41-E19DA5157ED8} = {66144BF9-ECA9-4EA8-B04A-06C726EDF78D}
		{4DE7D4D5-0A50-4B47-8B61-655A2027F2E7} = {66144BF9-ECA9-4EA8-B04A-06C726EDF78D}
		{A50749C8-CC71-4F6D-8485-4890752D1246} = {66144BF9-ECA9-4EA8-B04A-06C726EDF78D}
		{2F7672AE-FA19-46C4-ADE8-AD91FBA84702} = {EB31641C-A5DD-471E-A007-6D2A07D1CCF5}
		{BB7BEEA6-C96A-4051-8C0A-0D9BFFBB7CD3} = {EB31641C-A5DD-471E-A007-6D2A07D1CCF5}
		{517D23B5-510E-42BF-BAAD-AE56C5561CEE} = {EB31641C-A5DD-471E-A007-6D2A07D1CCF5}
		{7E5AB31C-92CE-4A60-910E-1652CA05055F} = {3422DDFD-AC39-4BE1-91C9-E9D3BD0126EA}
		{BAF1731E-BC23-4FAC-A537-A0F29CE131AB} = {3422DDFD-AC39-4BE1-91C9-E9D3BD0126EA}
		{9CB265DB-ECAE-4AE3-8749-A909522EC2EC} = {D85E1FE4-B0AB-4BBA-AAF0-7C3622276CF1}
		{EEFEF0BF-48B6-405F-A355-0EEDA8F779E6} = {D85E1FE4-B0AB-4BBA-AAF0-7C3622276CF1}
		{C0EDD851-6F37-48AF-B519-38D634841E1B} = {5795F4A8-41EA-4F5D-AD4E-E7D556340CAE}
		{7D52DEF7-1928-4929-B4B3-ED10E6970B5E} = {EE161B76-BA5A-4A14-BD51-ECF82D9E4308}
		{D10C6844-68E2-4E45-8C52-46DB2059B2D2} = {D85E1FE4-B0AB-4BBA-AAF0-7C3622276CF1}
		{7481B265-24DA-4004-8DE5-6A2871324C98} = {8B8C39A7-E850-46CE-AF6E-F5FB15962564}
		{FD51E263-3498-4AE8-AC95-8D0A2B9C2369} = {8B8C39A7-E850-46CE-AF6E-F5FB15962564}
		{EE1456AF-0E7E-474D-9889-BF95A9F35C53} = {8B8C39A7-E850-46CE-AF6E-F5FB15962564}
		{9F15FC92-B9BB-4ECF-A48F-89C45A3B20DE} = {8B8C39A7-E850-46CE-AF6E-F5FB15962564}
		{FB2CDA4B-8316-4CE2-A067-C4C1A9732B8E} = {D85E1FE4-B0AB-4BBA-AAF0-7C3622276CF1}
		{ADEC5853-2867-4F68-ACD0-D6E937EE0F01} = {02FC484E-2129-4C79-ACF0-263B7206B0DE}
		{975983B0-DF9D-451D-9FC6-1FFBBFB2A02F} = {5795F4A8-41EA-4F5D-AD4E-E7D556340CAE}
		{DB0B0556-4D8C-4DE5-A99F-3757DB84B48D} = {5795F4A8-41EA-4F5D-AD4E-E7D556340CAE}
		{9F50CA37-F7AD-480D-A445-EDE6C96D1129} = {5795F4A8-41EA-4F5D-AD4E-E7D556340CAE}
		{CD771176-25FD-492B-86A8-DDB1E4F1EFD7} = {C2F7B580-4F3F-4EF6-8552-202348800133}
	EndGlobalSection
	GlobalSection(ExtensibilityGlobals) = postSolution
		SolutionGuid = {79D17468-58B5-4C92-A044-0C9C11234C5D}
	EndGlobalSection
EndGlobal
